
Microsoft Visual Studio Solution File, Format Version 12.00
# Visual Studio 15
VisualStudioVersion = 15.0.28307.1082
MinimumVisualStudioVersion = 10.0.40219.1
Project("{FAE04EC0-301F-11D3-BF4B-00C04F79EFBC}") = "UDPCommGUI", "UDPClientGUI\UDPCommGUI.csproj", "{493ECC58-0C9C-4C49-8530-8669F01EC853}"
EndProject
Project("{FAE04EC0-301F-11D3-BF4B-00C04F79EFBC}") = "UDPServer", "UDPServer\UDPServer.csproj", "{BEC03ACD-BDF1-42B7-8CF3-328D63A9DD89}"
EndProject
Project("{FAE04EC0-301F-11D3-BF4B-00C04F79EFBC}") = "UDPDataManger", "UDPDataManger\UDPDataManger.csproj", "{CEFD75B5-DACC-4B8F-A95B-9AD6BBFF7CB6}"
EndProject
Global
	GlobalSection(SolutionConfigurationPlatforms) = preSolution
		Debug|Any CPU = Debug|Any CPU
		Release|Any CPU = Release|Any CPU
	EndGlobalSection
	GlobalSection(ProjectConfigurationPlatforms) = postSolution
		{493ECC58-0C9C-4C49-8530-8669F01EC853}.Debug|Any CPU.ActiveCfg = Debug|Any CPU
		{493ECC58-0C9C-4C49-8530-8669F01EC853}.Debug|Any CPU.Build.0 = Debug|Any CPU
		{493ECC58-0C9C-4C49-8530-8669F01EC853}.Release|Any CPU.ActiveCfg = Release|Any CPU
		{493ECC58-0C9C-4C49-8530-8669F01EC853}.Release|Any CPU.Build.0 = Release|Any CPU
		{BEC03ACD-BDF1-42B7-8CF3-328D63A9DD89}.Debug|Any CPU.ActiveCfg = Debug|Any CPU
		{BEC03ACD-BDF1-42B7-8CF3-328D63A9DD89}.Debug|Any CPU.Build.0 = Debug|Any CPU
		{BEC03ACD-BDF1-42B7-8CF3-328D63A9DD89}.Release|Any CPU.ActiveCfg = Release|Any CPU
		{BEC03ACD-BDF1-42B7-8CF3-328D63A9DD89}.Release|Any CPU.Build.0 = Release|Any CPU
		{CEFD75B5-DACC-4B8F-A95B-9AD6BBFF7CB6}.Debug|Any CPU.ActiveCfg = Debug|Any CPU
		{CEFD75B5-DACC-4B8F-A95B-9AD6BBFF7CB6}.Debug|Any CPU.Build.0 = Debug|Any CPU
		{CEFD75B5-DACC-4B8F-A95B-9AD6BBFF7CB6}.Release|Any CPU.ActiveCfg = Release|Any CPU
		{CEFD75B5-DACC-4B8F-A95B-9AD6BBFF7CB6}.Release|Any CPU.Build.0 = Release|Any CPU
	EndGlobalSection
	GlobalSection(SolutionProperties) = preSolution
		HideSolutionNode = FALSE
	EndGlobalSection
	GlobalSection(ExtensibilityGlobals) = postSolution
		SolutionGuid = {2E59D518-2F4A-4650-B1A7-BC6C1887D266}
	EndGlobalSection
EndGlobal
